// !$*UTF8*$!
{
	archiveVersion = 1;
	classes = {
	};
	objectVersion = 46;
	objects = {

/* Begin PBXBuildFile section */
		7F2902191C6255A6003F0C6C /* ViewController.swift in Sources */ = {isa = PBXBuildFile; fileRef = 7F2902181C6255A6003F0C6C /* ViewController.swift */; };
		7F3657CA1C40106900522D95 /* cardflip.wav in Resources */ = {isa = PBXBuildFile; fileRef = 7F3657C61C40106900522D95 /* cardflip.wav */; };
		7F3657CB1C40106900522D95 /* dingcorrect.wav in Resources */ = {isa = PBXBuildFile; fileRef = 7F3657C71C40106900522D95 /* dingcorrect.wav */; };
		7F3657CC1C40106900522D95 /* dingwrong.wav in Resources */ = {isa = PBXBuildFile; fileRef = 7F3657C81C40106900522D95 /* dingwrong.wav */; };
		7F3657CD1C40106900522D95 /* shuffle.wav in Resources */ = {isa = PBXBuildFile; fileRef = 7F3657C91C40106900522D95 /* shuffle.wav */; };
		7F3657CF1C40109400522D95 /* AVFoundation.framework in Frameworks */ = {isa = PBXBuildFile; fileRef = 7F3657CE1C40109400522D95 /* AVFoundation.framework */; };
		7F76F4EB1BF23D7200ED8299 /* AppDelegate.swift in Sources */ = {isa = PBXBuildFile; fileRef = 7F76F4EA1BF23D7200ED8299 /* AppDelegate.swift */; };
		7F76F4F01BF23D7200ED8299 /* Main.storyboard in Resources */ = {isa = PBXBuildFile; fileRef = 7F76F4EE1BF23D7200ED8299 /* Main.storyboard */; };
		7F76F4F21BF23D7200ED8299 /* Assets.xcassets in Resources */ = {isa = PBXBuildFile; fileRef = 7F76F4F11BF23D7200ED8299 /* Assets.xcassets */; };
		7F76F4F51BF23D7200ED8299 /* LaunchScreen.storyboard in Resources */ = {isa = PBXBuildFile; fileRef = 7F76F4F31BF23D7200ED8299 /* LaunchScreen.storyboard */; };
		7F76F4FD1BF2404800ED8299 /* Card.swift in Sources */ = {isa = PBXBuildFile; fileRef = 7F76F4FC1BF2404800ED8299 /* Card.swift */; };
		7F76F4FF1BF240AA00ED8299 /* GameModel.swift in Sources */ = {isa = PBXBuildFile; fileRef = 7F76F4FE1BF240AA00ED8299 /* GameModel.swift */; };
/* End PBXBuildFile section */

/* Begin PBXFileReference section */
		7F2902181C6255A6003F0C6C /* ViewController.swift */ = {isa = PBXFileReference; fileEncoding = 4; lastKnownFileType = sourcecode.swift; path = ViewController.swift; sourceTree = "<group>"; };
		7F3657C61C40106900522D95 /* cardflip.wav */ = {isa = PBXFileReference; lastKnownFileType = audio.wav; path = cardflip.wav; sourceTree = "<group>"; };
		7F3657C71C40106900522D95 /* dingcorrect.wav */ = {isa = PBXFileReference; lastKnownFileType = audio.wav; path = dingcorrect.wav; sourceTree = "<group>"; };
		7F3657C81C40106900522D95 /* dingwrong.wav */ = {isa = PBXFileReference; lastKnownFileType = audio.wav; path = dingwrong.wav; sourceTree = "<group>"; };
		7F3657C91C40106900522D95 /* shuffle.wav */ = {isa = PBXFileReference; lastKnownFileType = audio.wav; path = shuffle.wav; sourceTree = "<group>"; };
		7F3657CE1C40109400522D95 /* AVFoundation.framework */ = {isa = PBXFileReference; lastKnownFileType = wrapper.framework; name = AVFoundation.framework; path = System/Library/Frameworks/AVFoundation.framework; sourceTree = SDKROOT; };
		7F76F4E71BF23D7200ED8299 /* Match.app */ = {isa = PBXFileReference; explicitFileType = wrapper.application; includeInIndex = 0; path = Match.app; sourceTree = BUILT_PRODUCTS_DIR; };
		7F76F4EA1BF23D7200ED8299 /* AppDelegate.swift */ = {isa = PBXFileReference; lastKnownFileType = sourcecode.swift; path = AppDelegate.swift; sourceTree = "<group>"; };
		7F76F4EF1BF23D7200ED8299 /* Base */ = {isa = PBXFileReference; lastKnownFileType = file.storyboard; name = Base; path = Base.lproj/Main.storyboard; sourceTree = "<group>"; };
		7F76F4F11BF23D7200ED8299 /* Assets.xcassets */ = {isa = PBXFileReference; lastKnownFileType = folder.assetcatalog; path = Assets.xcassets; sourceTree = "<group>"; };
		7F76F4F41BF23D7200ED8299 /* Base */ = {isa = PBXFileReference; lastKnownFileType = file.storyboard; name = Base; path = Base.lproj/LaunchScreen.storyboard; sourceTree = "<group>"; };
		7F76F4F61BF23D7200ED8299 /* Info.plist */ = {isa = PBXFileReference; lastKnownFileType = text.plist.xml; path = Info.plist; sourceTree = "<group>"; };
		7F76F4FC1BF2404800ED8299 /* Card.swift */ = {isa = PBXFileReference; fileEncoding = 4; lastKnownFileType = sourcecode.swift; path = Card.swift; sourceTree = "<group>"; };
		7F76F4FE1BF240AA00ED8299 /* GameModel.swift */ = {isa = PBXFileReference; fileEncoding = 4; lastKnownFileType = sourcecode.swift; path = GameModel.swift; sourceTree = "<group>"; };
/* End PBXFileReference section */

/* Begin PBXFrameworksBuildPhase section */
		7F76F4E41BF23D7200ED8299 /* Frameworks */ = {
			isa = PBXFrameworksBuildPhase;
			buildActionMask = 2147483647;
			files = (
				7F3657CF1C40109400522D95 /* AVFoundation.framework in Frameworks */,
			);
			runOnlyForDeploymentPostprocessing = 0;
		};
/* End PBXFrameworksBuildPhase section */

/* Begin PBXGroup section */
		7F76F4DE1BF23D7200ED8299 = {
			isa = PBXGroup;
			children = (
				7F3657CE1C40109400522D95 /* AVFoundation.framework */,
				7F76F4E91BF23D7200ED8299 /* Match */,
				7F76F4E81BF23D7200ED8299 /* Products */,
			);
			sourceTree = "<group>";
		};
		7F76F4E81BF23D7200ED8299 /* Products */ = {
			isa = PBXGroup;
			children = (
				7F76F4E71BF23D7200ED8299 /* Match.app */,
			);
			name = Products;
			sourceTree = "<group>";
		};
		7F76F4E91BF23D7200ED8299 /* Match */ = {
			isa = PBXGroup;
			children = (
				7F76F4EA1BF23D7200ED8299 /* AppDelegate.swift */,
				7F76F4FC1BF2404800ED8299 /* Card.swift */,
				7F76F4FE1BF240AA00ED8299 /* GameModel.swift */,
				7F2902181C6255A6003F0C6C /* ViewController.swift */,
				7F76F4EE1BF23D7200ED8299 /* Main.storyboard */,
				7F76F4F11BF23D7200ED8299 /* Assets.xcassets */,
				7F76F4F31BF23D7200ED8299 /* LaunchScreen.storyboard */,
				7F76F4F61BF23D7200ED8299 /* Info.plist */,
				7F3657C61C40106900522D95 /* cardflip.wav */,
				7F3657C71C40106900522D95 /* dingcorrect.wav */,
				7F3657C81C40106900522D95 /* dingwrong.wav */,
				7F3657C91C40106900522D95 /* shuffle.wav */,
			);
			path = Match;
			sourceTree = "<group>";
		};
/* End PBXGroup section */

/* Begin PBXNativeTarget section */
		7F76F4E61BF23D7200ED8299 /* Match */ = {
			isa = PBXNativeTarget;
			buildConfigurationList = 7F76F4F91BF23D7200ED8299 /* Build configuration list for PBXNativeTarget "Match" */;
			buildPhases = (
				7F76F4E31BF23D7200ED8299 /* Sources */,
				7F76F4E41BF23D7200ED8299 /* Frameworks */,
				7F76F4E51BF23D7200ED8299 /* Resources */,
			);
			buildRules = (
			);
			dependencies = (
			);
			name = Match;
			productName = Match;
			productReference = 7F76F4E71BF23D7200ED8299 /* Match.app */;
			productType = "com.apple.product-type.application";
		};
/* End PBXNativeTarget section */

/* Begin PBXProject section */
		7F76F4DF1BF23D7200ED8299 /* Project object */ = {
			isa = PBXProject;
			attributes = {
				LastSwiftUpdateCheck = 0710;
				LastUpgradeCheck = 0710;
				ORGANIZATIONNAME = "Ole Engstroem";
				TargetAttributes = {
					7F76F4E61BF23D7200ED8299 = {
						CreatedOnToolsVersion = 7.1;
						DevelopmentTeam = CPENCXDP8B;
					};
				};
			};
			buildConfigurationList = 7F76F4E21BF23D7200ED8299 /* Build configuration list for PBXProject "Match" */;
			compatibilityVersion = "Xcode 3.2";
			developmentRegion = English;
			hasScannedForEncodings = 0;
			knownRegions = (
				en,
				Base,
			);
			mainGroup = 7F76F4DE1BF23D7200ED8299;
			productRefGroup = 7F76F4E81BF23D7200ED8299 /* Products */;
			projectDirPath = "";
			projectRoot = "";
			targets = (
				7F76F4E61BF23D7200ED8299 /* Match */,
			);
		};
/* End PBXProject section */

/* Begin PBXResourcesBuildPhase section */
		7F76F4E51BF23D7200ED8299 /* Resources */ = {
			isa = PBXResourcesBuildPhase;
			buildActionMask = 2147483647;
			files = (
				7F76F4F51BF23D7200ED8299 /* LaunchScreen.storyboard in Resources */,
				7F3657CB1C40106900522D95 /* dingcorrect.wav in Resources */,
				7F3657CC1C40106900522D95 /* dingwrong.wav in Resources */,
				7F3657CD1C40106900522D95 /* shuffle.wav in Resources */,
				7F3657CA1C40106900522D95 /* cardflip.wav in Resources */,
				7F76F4F21BF23D7200ED8299 /* Assets.xcassets in Resources */,
				7F76F4F01BF23D7200ED8299 /* Main.storyboard in Resources */,
			);
			runOnlyForDeploymentPostprocessing = 0;
		};
/* End PBXResourcesBuildPhase section */

/* Begin PBXSourcesBuildPhase section */
		7F76F4E31BF23D7200ED8299 /* Sources */ = {
			isa = PBXSourcesBuildPhase;
			buildActionMask = 2147483647;
			files = (
				7F2902191C6255A6003F0C6C /* ViewController.swift in Sources */,
				7F76F4FF1BF240AA00ED8299 /* GameModel.swift in Sources */,
				7F76F4FD1BF2404800ED8299 /* Card.swift in Sources */,
				7F76F4EB1BF23D7200ED8299 /* AppDelegate.swift in Sources */,
			);
			runOnlyForDeploymentPostprocessing = 0;
		};
/* End PBXSourcesBuildPhase section */

/* Begin PBXVariantGroup section */
		7F76F4EE1BF23D7200ED8299 /* Main.storyboard */ = {
			isa = PBXVariantGroup;
			children = (
				7F76F4EF1BF23D7200ED8299 /* Base */,
			);
			name = Main.storyboard;
			sourceTree = "<group>";
		};
		7F76F4F31BF23D7200ED8299 /* LaunchScreen.storyboard */ = {
			isa = PBXVariantGroup;
			children = (
				7F76F4F41BF23D7200ED8299 /* Base */,
			);
			name = LaunchScreen.storyboard;
			sourceTree = "<group>";
		};
/* End PBXVariantGroup section */

/* Begin XCBuildConfiguration section */
		7F76F4F71BF23D7200ED8299 /* Debug */ = {
			isa = XCBuildConfiguration;
			buildSettings = {
				ALWAYS_SEARCH_USER_PATHS = NO;
				CLANG_CXX_LANGUAGE_STANDARD = "gnu++0x";
				CLANG_CXX_LIBRARY = "libc++";
				CLANG_ENABLE_MODULES = YES;
				CLANG_ENABLE_OBJC_ARC = YES;
				CLANG_WARN_BOOL_CONVERSION = YES;
				CLANG_WARN_CONSTANT_CONVERSION = YES;
				CLANG_WARN_DIRECT_OBJC_ISA_USAGE = YES_ERROR;
				CLANG_WARN_EMPTY_BODY = YES;
				CLANG_WARN_ENUM_CONVERSION = YES;
				CLANG_WARN_INT_CONVERSION = YES;
				CLANG_WARN_OBJC_ROOT_CLASS = YES_ERROR;
				CLANG_WARN_UNREACHABLE_CODE = YES;
				CLANG_WARN__DUPLICATE_METHOD_MATCH = YES;
				"CODE_SIGN_IDENTITY[sdk=iphoneos*]" = "iPhone Developer";
				COPY_PHASE_STRIP = NO;
				DEBUG_INFORMATION_FORMAT = dwarf;
				ENABLE_STRICT_OBJC_MSGSEND = YES;
				ENABLE_TESTABILITY = YES;
				GCC_C_LANGUAGE_STANDARD = gnu99;
				GCC_DYNAMIC_NO_PIC = NO;
				GCC_NO_COMMON_BLOCKS = YES;
				GCC_OPTIMIZATION_LEVEL = 0;
				GCC_PREPROCESSOR_DEFINITIONS = (
					"DEBUG=1",
					"$(inherited)",
				);
				GCC_WARN_64_TO_32_BIT_CONVERSION = YES;
				GCC_WARN_ABOUT_RETURN_TYPE = YES_ERROR;
				GCC_WARN_UNDECLARED_SELECTOR = YES;
				GCC_WARN_UNINITIALIZED_AUTOS = YES_AGGRESSIVE;
				GCC_WARN_UNUSED_FUNCTION = YES;
				GCC_WARN_UNUSED_VARIABLE = YES;
				IPHONEOS_DEPLOYMENT_TARGET = 9.1;
				MTL_ENABLE_DEBUG_INFO = YES;
				ONLY_ACTIVE_ARCH = YES;
				SDKROOT = iphoneos;
				SWIFT_OPTIMIZATION_LEVEL = "-Onone";
			};
			name = Debug;
		};
		7F76F4F81BF23D7200ED8299 /* Release */ = {
			isa = XCBuildConfiguration;
			buildSettings = {
				ALWAYS_SEARCH_USER_PATHS = NO;
				CLANG_CXX_LANGUAGE_STANDARD = "gnu++0x";
				CLANG_CXX_LIBRARY = "libc++";
				CLANG_ENABLE_MODULES = YES;
				CLANG_ENABLE_OBJC_ARC = YES;
				CLANG_WARN_BOOL_CONVERSION = YES;
				CLANG_WARN_CONSTANT_CONVERSION = YES;
				CLANG_WARN_DIRECT_OBJC_ISA_USAGE = YES_ERROR;
				CLANG_WARN_EMPTY_BODY = YES;
				CLANG_WARN_ENUM_CONVERSION = YES;
				CLANG_WARN_INT_CONVERSION = YES;
				CLANG_WARN_OBJC_ROOT_CLASS = YES_ERROR;
				CLANG_WARN_UNREACHABLE_CODE = YES;
				CLANG_WARN__DUPLICATE_METHOD_MATCH = YES;
				"CODE_SIGN_IDENTITY[sdk=iphoneos*]" = "iPhone Developer";
				COPY_PHASE_STRIP = NO;
				DEBUG_INFORMATION_FORMAT = "dwarf-with-dsym";
				ENABLE_NS_ASSERTIONS = NO;
				ENABLE_STRICT_OBJC_MSGSEND = YES;
				GCC_C_LANGUAGE_STANDARD = gnu99;
				GCC_NO_COMMON_BLOCKS = YES;
				GCC_WARN_64_TO_32_BIT_CONVERSION = YES;
				GCC_WARN_ABOUT_RETURN_TYPE = YES_ERROR;
				GCC_WARN_UNDECLARED_SELECTOR = YES;
				GCC_WARN_UNINITIALIZED_AUTOS = YES_AGGRESSIVE;
				GCC_WARN_UNUSED_FUNCTION = YES;
				GCC_WARN_UNUSED_VARIABLE = YES;
				IPHONEOS_DEPLOYMENT_TARGET = 9.1;
				MTL_ENABLE_DEBUG_INFO = NO;
				SDKROOT = iphoneos;
				VALIDATE_PRODUCT = YES;
			};
			name = Release;
		};
		7F76F4FA1BF23D7200ED8299 /* Debug */ = {
			isa = XCBuildConfiguration;
			buildSettings = {
				ASSETCATALOG_COMPILER_APPICON_NAME = AppIcon;
				CODE_SIGN_IDENTITY = "iPhone Developer";
				"CODE_SIGN_IDENTITY[sdk=iphoneos*]" = "iPhone Developer";
				INFOPLIST_FILE = Match/Info.plist;
				LD_RUNPATH_SEARCH_PATHS = "$(inherited) @executable_path/Frameworks";
				PRODUCT_BUNDLE_IDENTIFIER = Com.Engstroem.Match;
				PRODUCT_NAME = "$(TARGET_NAME)";
				PROVISIONING_PROFILE = "";
			};
			name = Debug;
		};
		7F76F4FB1BF23D7200ED8299 /* Release */ = {
			isa = XCBuildConfiguration;
			buildSettings = {
				ASSETCATALOG_COMPILER_APPICON_NAME = AppIcon;
				CODE_SIGN_IDENTITY = "iPhone Developer";
				"CODE_SIGN_IDENTITY[sdk=iphoneos*]" = "iPhone Developer";
				INFOPLIST_FILE = Match/Info.plist;
				LD_RUNPATH_SEARCH_PATHS = "$(inherited) @executable_path/Frameworks";
				PRODUCT_BUNDLE_IDENTIFIER = Com.Engstroem.Match;
				PRODUCT_NAME = "$(TARGET_NAME)";
				PROVISIONING_PROFILE = "";
			};
			name = Release;
		};
/* End XCBuildConfiguration section */

/* Begin XCConfigurationList section */
		7F76F4E21BF23D7200ED8299 /* Build configuration list for PBXProject "Match" */ = {
			isa = XCConfigurationList;
			buildConfigurations = (
				7F76F4F71BF23D7200ED8299 /* Debug */,
				7F76F4F81BF23D7200ED8299 /* Release */,
			);
			defaultConfigurationIsVisible = 0;
			defaultConfigurationName = Release;
		};
		7F76F4F91BF23D7200ED8299 /* Build configuration list for PBXNativeTarget "Match" */ = {
			isa = XCConfigurationList;
			buildConfigurations = (
				7F76F4FA1BF23D7200ED8299 /* Debug */,
				7F76F4FB1BF23D7200ED8299 /* Release */,
			);
			defaultConfigurationIsVisible = 0;
			defaultConfigurationName = Release;
		};
/* End XCConfigurationList section */
	};
	rootObject = 7F76F4DF1BF23D7200ED8299 /* Project object */;
}
